// !$*UTF8*$!
{
	archiveVersion = 1;
	classes = {
	};
	objectVersion = 50;
	objects = {

/* Begin PBXBuildFile section */
		5E335214E1DDCF8730B271AF /* libPods-AdManagerBannerExample.a in Frameworks */ = {isa = PBXBuildFile; fileRef = A0FCEF120C2DCAEC10337F61 /* libPods-AdManagerBannerExample.a */; };
		CD1FD812252321CA009AC853 /* AppDelegate.m in Sources */ = {isa = PBXBuildFile; fileRef = CD1FD811252321CA009AC853 /* AppDelegate.m */; };
		CD1FD815252321CA009AC853 /* SceneDelegate.m in Sources */ = {isa = PBXBuildFile; fileRef = CD1FD814252321CA009AC853 /* SceneDelegate.m */; };
		CD1FD818252321CA009AC853 /* ViewController.m in Sources */ = {isa = PBXBuildFile; fileRef = CD1FD817252321CA009AC853 /* ViewController.m */; };
		CD1FD81B252321CA009AC853 /* Main.storyboard in Resources */ = {isa = PBXBuildFile; fileRef = CD1FD819252321CA009AC853 /* Main.storyboard */; };
		CD1FD81D252321D5009AC853 /* Assets.xcassets in Resources */ = {isa = PBXBuildFile; fileRef = CD1FD81C252321D5009AC853 /* Assets.xcassets */; };
		CD1FD820252321D5009AC853 /* LaunchScreen.storyboard in Resources */ = {isa = PBXBuildFile; fileRef = CD1FD81E252321D5009AC853 /* LaunchScreen.storyboard */; };
		CD1FD823252321D5009AC853 /* main.m in Sources */ = {isa = PBXBuildFile; fileRef = CD1FD822252321D5009AC853 /* main.m */; };
/* End PBXBuildFile section */

/* Begin PBXFileReference section */
		1EE0B9DDC1D31942A15C2E9D /* Pods-AdManagerBannerExample.debug.xcconfig */ = {isa = PBXFileReference; includeInIndex = 1; lastKnownFileType = text.xcconfig; name = "Pods-AdManagerBannerExample.debug.xcconfig"; path = "Target Support Files/Pods-AdManagerBannerExample/Pods-AdManagerBannerExample.debug.xcconfig"; sourceTree = "<group>"; };
		20F478CF212932A5A9B60F7F /* Pods-AdManagerBannerExample.release.xcconfig */ = {isa = PBXFileReference; includeInIndex = 1; lastKnownFileType = text.xcconfig; name = "Pods-AdManagerBannerExample.release.xcconfig"; path = "Target Support Files/Pods-AdManagerBannerExample/Pods-AdManagerBannerExample.release.xcconfig"; sourceTree = "<group>"; };
		A0FCEF120C2DCAEC10337F61 /* libPods-AdManagerBannerExample.a */ = {isa = PBXFileReference; explicitFileType = archive.ar; includeInIndex = 0; path = "libPods-AdManagerBannerExample.a"; sourceTree = BUILT_PRODUCTS_DIR; };
		CD1FD80D252321CA009AC853 /* AdManagerBannerExample.app */ = {isa = PBXFileReference; explicitFileType = wrapper.application; includeInIndex = 0; path = AdManagerBannerExample.app; sourceTree = BUILT_PRODUCTS_DIR; };
		CD1FD810252321CA009AC853 /* AppDelegate.h */ = {isa = PBXFileReference; lastKnownFileType = sourcecode.c.h; path = AppDelegate.h; sourceTree = "<group>"; };
		CD1FD811252321CA009AC853 /* AppDelegate.m */ = {isa = PBXFileReference; lastKnownFileType = sourcecode.c.objc; path = AppDelegate.m; sourceTree = "<group>"; };
		CD1FD813252321CA009AC853 /* SceneDelegate.h */ = {isa = PBXFileReference; lastKnownFileType = sourcecode.c.h; path = SceneDelegate.h; sourceTree = "<group>"; };
		CD1FD814252321CA009AC853 /* SceneDelegate.m */ = {isa = PBXFileReference; lastKnownFileType = sourcecode.c.objc; path = SceneDelegate.m; sourceTree = "<group>"; };
		CD1FD816252321CA009AC853 /* ViewController.h */ = {isa = PBXFileReference; lastKnownFileType = sourcecode.c.h; path = ViewController.h; sourceTree = "<group>"; };
		CD1FD817252321CA009AC853 /* ViewController.m */ = {isa = PBXFileReference; lastKnownFileType = sourcecode.c.objc; path = ViewController.m; sourceTree = "<group>"; };
		CD1FD81A252321CA009AC853 /* Base */ = {isa = PBXFileReference; lastKnownFileType = file.storyboard; name = Base; path = Base.lproj/Main.storyboard; sourceTree = "<group>"; };
		CD1FD81C252321D5009AC853 /* Assets.xcassets */ = {isa = PBXFileReference; lastKnownFileType = folder.assetcatalog; path = Assets.xcassets; sourceTree = "<group>"; };
		CD1FD81F252321D5009AC853 /* Base */ = {isa = PBXFileReference; lastKnownFileType = file.storyboard; name = Base; path = Base.lproj/LaunchScreen.storyboard; sourceTree = "<group>"; };
		CD1FD821252321D5009AC853 /* Info.plist */ = {isa = PBXFileReference; lastKnownFileType = text.plist.xml; path = Info.plist; sourceTree = "<group>"; };
		CD1FD822252321D5009AC853 /* main.m */ = {isa = PBXFileReference; lastKnownFileType = sourcecode.c.objc; path = main.m; sourceTree = "<group>"; };
/* End PBXFileReference section */

/* Begin PBXFrameworksBuildPhase section */
		CD1FD80A252321CA009AC853 /* Frameworks */ = {
			isa = PBXFrameworksBuildPhase;
			buildActionMask = 2147483647;
			files = (
				5E335214E1DDCF8730B271AF /* libPods-AdManagerBannerExample.a in Frameworks */,
			);
			runOnlyForDeploymentPostprocessing = 0;
		};
/* End PBXFrameworksBuildPhase section */

/* Begin PBXGroup section */
		5B6124FFBF35A41B45FCCA52 /* Frameworks */ = {
			isa = PBXGroup;
			children = (
				A0FCEF120C2DCAEC10337F61 /* libPods-AdManagerBannerExample.a */,
			);
			name = Frameworks;
			sourceTree = "<group>";
		};
		5E28F5A41AA399BFD08C107B /* Pods */ = {
			isa = PBXGroup;
			children = (
				1EE0B9DDC1D31942A15C2E9D /* Pods-AdManagerBannerExample.debug.xcconfig */,
				20F478CF212932A5A9B60F7F /* Pods-AdManagerBannerExample.release.xcconfig */,
			);
			name = Pods;
			path = Pods;
			sourceTree = "<group>";
		};
		CD1FD804252321CA009AC853 = {
			isa = PBXGroup;
			children = (
				CD1FD80F252321CA009AC853 /* AdManagerBannerExample */,
				CD1FD80E252321CA009AC853 /* Products */,
				5E28F5A41AA399BFD08C107B /* Pods */,
				5B6124FFBF35A41B45FCCA52 /* Frameworks */,
			);
			sourceTree = "<group>";
		};
		CD1FD80E252321CA009AC853 /* Products */ = {
			isa = PBXGroup;
			children = (
				CD1FD80D252321CA009AC853 /* AdManagerBannerExample.app */,
			);
			name = Products;
			sourceTree = "<group>";
		};
		CD1FD80F252321CA009AC853 /* AdManagerBannerExample */ = {
			isa = PBXGroup;
			children = (
				CD1FD810252321CA009AC853 /* AppDelegate.h */,
				CD1FD811252321CA009AC853 /* AppDelegate.m */,
				CD1FD813252321CA009AC853 /* SceneDelegate.h */,
				CD1FD814252321CA009AC853 /* SceneDelegate.m */,
				CD1FD816252321CA009AC853 /* ViewController.h */,
				CD1FD817252321CA009AC853 /* ViewController.m */,
				CD1FD819252321CA009AC853 /* Main.storyboard */,
				CD1FD81C252321D5009AC853 /* Assets.xcassets */,
				CD1FD81E252321D5009AC853 /* LaunchScreen.storyboard */,
				CD1FD821252321D5009AC853 /* Info.plist */,
				CD1FD822252321D5009AC853 /* main.m */,
			);
			path = AdManagerBannerExample;
			sourceTree = "<group>";
		};
/* End PBXGroup section */

/* Begin PBXNativeTarget section */
		CD1FD80C252321CA009AC853 /* AdManagerBannerExample */ = {
			isa = PBXNativeTarget;
			buildConfigurationList = CD1FD826252321D5009AC853 /* Build configuration list for PBXNativeTarget "AdManagerBannerExample" */;
			buildPhases = (
				A727506326BA245BB4060BD5 /* [CP] Check Pods Manifest.lock */,
				CD1FD809252321CA009AC853 /* Sources */,
				CD1FD80A252321CA009AC853 /* Frameworks */,
				CD1FD80B252321CA009AC853 /* Resources */,
			);
			buildRules = (
			);
			dependencies = (
			);
			name = AdManagerBannerExample;
			productName = AdManagerBannerExample;
			productReference = CD1FD80D252321CA009AC853 /* AdManagerBannerExample.app */;
			productType = "com.apple.product-type.application";
		};
/* End PBXNativeTarget section */

/* Begin PBXProject section */
		CD1FD805252321CA009AC853 /* Project object */ = {
			isa = PBXProject;
			attributes = {
				LastUpgradeCheck = 1130;
				ORGANIZATIONNAME = PubMatic;
				TargetAttributes = {
					CD1FD80C252321CA009AC853 = {
						CreatedOnToolsVersion = 11.3.1;
					};
				};
			};
			buildConfigurationList = CD1FD808252321CA009AC853 /* Build configuration list for PBXProject "AdManagerBannerExample" */;
			compatibilityVersion = "Xcode 9.3";
			developmentRegion = en;
			hasScannedForEncodings = 0;
			knownRegions = (
				en,
				Base,
			);
			mainGroup = CD1FD804252321CA009AC853;
			productRefGroup = CD1FD80E252321CA009AC853 /* Products */;
			projectDirPath = "";
			projectRoot = "";
			targets = (
				CD1FD80C252321CA009AC853 /* AdManagerBannerExample */,
			);
		};
/* End PBXProject section */

/* Begin PBXResourcesBuildPhase section */
		CD1FD80B252321CA009AC853 /* Resources */ = {
			isa = PBXResourcesBuildPhase;
			buildActionMask = 2147483647;
			files = (
				CD1FD820252321D5009AC853 /* LaunchScreen.storyboard in Resources */,
				CD1FD81D252321D5009AC853 /* Assets.xcassets in Resources */,
				CD1FD81B252321CA009AC853 /* Main.storyboard in Resources */,
			);
			runOnlyForDeploymentPostprocessing = 0;
		};
/* End PBXResourcesBuildPhase section */

/* Begin PBXShellScriptBuildPhase section */
		A727506326BA245BB4060BD5 /* [CP] Check Pods Manifest.lock */ = {
			isa = PBXShellScriptBuildPhase;
			buildActionMask = 2147483647;
			files = (
			);
			inputFileListPaths = (
			);
			inputPaths = (
				"${PODS_PODFILE_DIR_PATH}/Podfile.lock",
				"${PODS_ROOT}/Manifest.lock",
			);
			name = "[CP] Check Pods Manifest.lock";
			outputFileListPaths = (
			);
			outputPaths = (
				"$(DERIVED_FILE_DIR)/Pods-AdManagerBannerExample-checkManifestLockResult.txt",
			);
			runOnlyForDeploymentPostprocessing = 0;
			shellPath = /bin/sh;
			shellScript = "diff \"${PODS_PODFILE_DIR_PATH}/Podfile.lock\" \"${PODS_ROOT}/Manifest.lock\" > /dev/null\nif [ $? != 0 ] ; then\n    # print error to STDERR\n    echo \"error: The sandbox is not in sync with the Podfile.lock. Run 'pod install' or update your CocoaPods installation.\" >&2\n    exit 1\nfi\n# This output is used by Xcode 'outputs' to avoid re-running this script phase.\necho \"SUCCESS\" > \"${SCRIPT_OUTPUT_FILE_0}\"\n";
			showEnvVarsInLog = 0;
		};
/* End PBXShellScriptBuildPhase section */

/* Begin PBXSourcesBuildPhase section */
		CD1FD809252321CA009AC853 /* Sources */ = {
			isa = PBXSourcesBuildPhase;
			buildActionMask = 2147483647;
			files = (
				CD1FD818252321CA009AC853 /* ViewController.m in Sources */,
				CD1FD812252321CA009AC853 /* AppDelegate.m in Sources */,
				CD1FD823252321D5009AC853 /* main.m in Sources */,
				CD1FD815252321CA009AC853 /* SceneDelegate.m in Sources */,
			);
			runOnlyForDeploymentPostprocessing = 0;
		};
/* End PBXSourcesBuildPhase section */

/* Begin PBXVariantGroup section */
		CD1FD819252321CA009AC853 /* Main.storyboard */ = {
			isa = PBXVariantGroup;
			children = (
				CD1FD81A252321CA009AC853 /* Base */,
			);
			name = Main.storyboard;
			sourceTree = "<group>";
		};
		CD1FD81E252321D5009AC853 /* LaunchScreen.storyboard */ = {
			isa = PBXVariantGroup;
			children = (
				CD1FD81F252321D5009AC853 /* Base */,
			);
			name = LaunchScreen.storyboard;
			sourceTree = "<group>";
		};
/* End PBXVariantGroup section */

/* Begin XCBuildConfiguration section */
		CD1FD824252321D5009AC853 /* Debug */ = {
			isa = XCBuildConfiguration;
			buildSettings = {
				ALWAYS_SEARCH_USER_PATHS = NO;
				CLANG_ANALYZER_NONNULL = YES;
				CLANG_ANALYZER_NUMBER_OBJECT_CONVERSION = YES_AGGRESSIVE;
				CLANG_CXX_LANGUAGE_STANDARD = "gnu++14";
				CLANG_CXX_LIBRARY = "libc++";
				CLANG_ENABLE_MODULES = YES;
				CLANG_ENABLE_OBJC_ARC = YES;
				CLANG_ENABLE_OBJC_WEAK = YES;
				CLANG_WARN_BLOCK_CAPTURE_AUTORELEASING = YES;
				CLANG_WARN_BOOL_CONVERSION = YES;
				CLANG_WARN_COMMA = YES;
				CLANG_WARN_CONSTANT_CONVERSION = YES;
				CLANG_WARN_DEPRECATED_OBJC_IMPLEMENTATIONS = YES;
				CLANG_WARN_DIRECT_OBJC_ISA_USAGE = YES_ERROR;
				CLANG_WARN_DOCUMENTATION_COMMENTS = YES;
				CLANG_WARN_EMPTY_BODY = YES;
				CLANG_WARN_ENUM_CONVERSION = YES;
				CLANG_WARN_INFINITE_RECURSION = YES;
				CLANG_WARN_INT_CONVERSION = YES;
				CLANG_WARN_NON_LITERAL_NULL_CONVERSION = YES;
				CLANG_WARN_OBJC_IMPLICIT_RETAIN_SELF = YES;
				CLANG_WARN_OBJC_LITERAL_CONVERSION = YES;
				CLANG_WARN_OBJC_ROOT_CLASS = YES_ERROR;
				CLANG_WARN_RANGE_LOOP_ANALYSIS = YES;
				CLANG_WARN_STRICT_PROTOTYPES = YES;
				CLANG_WARN_SUSPICIOUS_MOVE = YES;
				CLANG_WARN_UNGUARDED_AVAILABILITY = YES_AGGRESSIVE;
				CLANG_WARN_UNREACHABLE_CODE = YES;
				CLANG_WARN__DUPLICATE_METHOD_MATCH = YES;
				COPY_PHASE_STRIP = NO;
				DEBUG_INFORMATION_FORMAT = dwarf;
				ENABLE_STRICT_OBJC_MSGSEND = YES;
				ENABLE_TESTABILITY = YES;
				GCC_C_LANGUAGE_STANDARD = gnu11;
				GCC_DYNAMIC_NO_PIC = NO;
				GCC_NO_COMMON_BLOCKS = YES;
				GCC_OPTIMIZATION_LEVEL = 0;
				GCC_PREPROCESSOR_DEFINITIONS = (
					"DEBUG=1",
					"$(inherited)",
				);
				GCC_WARN_64_TO_32_BIT_CONVERSION = YES;
				GCC_WARN_ABOUT_RETURN_TYPE = YES_ERROR;
				GCC_WARN_UNDECLARED_SELECTOR = YES;
				GCC_WARN_UNINITIALIZED_AUTOS = YES_AGGRESSIVE;
				GCC_WARN_UNUSED_FUNCTION = YES;
				GCC_WARN_UNUSED_VARIABLE = YES;
				IPHONEOS_DEPLOYMENT_TARGET = 13.2;
				MTL_ENABLE_DEBUG_INFO = INCLUDE_SOURCE;
				MTL_FAST_MATH = YES;
				ONLY_ACTIVE_ARCH = YES;
				SDKROOT = iphoneos;
			};
			name = Debug;
		};
		CD1FD825252321D5009AC853 /* Release */ = {
			isa = XCBuildConfiguration;
			buildSettings = {
				ALWAYS_SEARCH_USER_PATHS = NO;
				CLANG_ANALYZER_NONNULL = YES;
				CLANG_ANALYZER_NUMBER_OBJECT_CONVERSION = YES_AGGRESSIVE;
				CLANG_CXX_LANGUAGE_STANDARD = "gnu++14";
				CLANG_CXX_LIBRARY = "libc++";
				CLANG_ENABLE_MODULES = YES;
				CLANG_ENABLE_OBJC_ARC = YES;
				CLANG_ENABLE_OBJC_WEAK = YES;
				CLANG_WARN_BLOCK_CAPTURE_AUTORELEASING = YES;
				CLANG_WARN_BOOL_CONVERSION = YES;
				CLANG_WARN_COMMA = YES;
				CLANG_WARN_CONSTANT_CONVERSION = YES;
				CLANG_WARN_DEPRECATED_OBJC_IMPLEMENTATIONS = YES;
				CLANG_WARN_DIRECT_OBJC_ISA_USAGE = YES_ERROR;
				CLANG_WARN_DOCUMENTATION_COMMENTS = YES;
				CLANG_WARN_EMPTY_BODY = YES;
				CLANG_WARN_ENUM_CONVERSION = YES;
				CLANG_WARN_INFINITE_RECURSION = YES;
				CLANG_WARN_INT_CONVERSION = YES;
				CLANG_WARN_NON_LITERAL_NULL_CONVERSION = YES;
				CLANG_WARN_OBJC_IMPLICIT_RETAIN_SELF = YES;
				CLANG_WARN_OBJC_LITERAL_CONVERSION = YES;
				CLANG_WARN_OBJC_ROOT_CLASS = YES_ERROR;
				CLANG_WARN_RANGE_LOOP_ANALYSIS = YES;
				CLANG_WARN_STRICT_PROTOTYPES = YES;
				CLANG_WARN_SUSPICIOUS_MOVE = YES;
				CLANG_WARN_UNGUARDED_AVAILABILITY = YES_AGGRESSIVE;
				CLANG_WARN_UNREACHABLE_CODE = YES;
				CLANG_WARN__DUPLICATE_METHOD_MATCH = YES;
				COPY_PHASE_STRIP = NO;
				DEBUG_INFORMATION_FORMAT = "dwarf-with-dsym";
				ENABLE_NS_ASSERTIONS = NO;
				ENABLE_STRICT_OBJC_MSGSEND = YES;
				GCC_C_LANGUAGE_STANDARD = gnu11;
				GCC_NO_COMMON_BLOCKS = YES;
				GCC_WARN_64_TO_32_BIT_CONVERSION = YES;
				GCC_WARN_ABOUT_RETURN_TYPE = YES_ERROR;
				GCC_WARN_UNDECLARED_SELECTOR = YES;
				GCC_WARN_UNINITIALIZED_AUTOS = YES_AGGRESSIVE;
				GCC_WARN_UNUSED_FUNCTION = YES;
				GCC_WARN_UNUSED_VARIABLE = YES;
				IPHONEOS_DEPLOYMENT_TARGET = 13.2;
				MTL_ENABLE_DEBUG_INFO = NO;
				MTL_FAST_MATH = YES;
				SDKROOT = iphoneos;
				VALIDATE_PRODUCT = YES;
			};
			name = Release;
		};
		CD1FD827252321D5009AC853 /* Debug */ = {
			isa = XCBuildConfiguration;
			baseConfigurationReference = 1EE0B9DDC1D31942A15C2E9D /* Pods-AdManagerBannerExample.debug.xcconfig */;
			buildSettings = {
				ASSETCATALOG_COMPILER_APPICON_NAME = AppIcon;
				CODE_SIGN_STYLE = Automatic;
				INFOPLIST_FILE = AdManagerBannerExample/Info.plist;
				LD_RUNPATH_SEARCH_PATHS = (
					"$(inherited)",
					"@executable_path/Frameworks",
				);
				PRODUCT_BUNDLE_IDENTIFIER = com.self.jpramod.AdManagerBannerExample;
				PRODUCT_NAME = "$(TARGET_NAME)";
				TARGETED_DEVICE_FAMILY = "1,2";
			};
			name = Debug;
		};
		CD1FD828252321D5009AC853 /* Release */ = {
			isa = XCBuildConfiguration;
			baseConfigurationReference = 20F478CF212932A5A9B60F7F /* Pods-AdManagerBannerExample.release.xcconfig */;
			buildSettings = {
				ASSETCATALOG_COMPILER_APPICON_NAME = AppIcon;
				CODE_SIGN_STYLE = Automatic;
				INFOPLIST_FILE = AdManagerBannerExample/Info.plist;
				LD_RUNPATH_SEARCH_PATHS = (
					"$(inherited)",
					"@executable_path/Frameworks",
				);
				PRODUCT_BUNDLE_IDENTIFIER = com.self.jpramod.AdManagerBannerExample;
				PRODUCT_NAME = "$(TARGET_NAME)";
				TARGETED_DEVICE_FAMILY = "1,2";
			};
			name = Release;
		};
/* End XCBuildConfiguration section */

/* Begin XCConfigurationList section */
		CD1FD808252321CA009AC853 /* Build configuration list for PBXProject "AdManagerBannerExample" */ = {
			isa = XCConfigurationList;
			buildConfigurations = (
				CD1FD824252321D5009AC853 /* Debug */,
				CD1FD825252321D5009AC853 /* Release */,
			);
			defaultConfigurationIsVisible = 0;
			defaultConfigurationName = Release;
		};
		CD1FD826252321D5009AC853 /* Build configuration list for PBXNativeTarget "AdManagerBannerExample" */ = {
			isa = XCConfigurationList;
			buildConfigurations = (
				CD1FD827252321D5009AC853 /* Debug */,
				CD1FD828252321D5009AC853 /* Release */,
			);
			defaultConfigurationIsVisible = 0;
			defaultConfigurationName = Release;
		};
/* End XCConfigurationList section */
	};
	rootObject = CD1FD805252321CA009AC853 /* Project object */;
}
